{
    "_meta": {
        "hash": {
            "sha256": "171e25ed76e63994ba96dde43510ae3581a11458647b65480fa59da97f4c3510"
        },
        "pipfile-spec": 6,
        "requires": {
            "python_version": "3.7"
        },
        "sources": [
            {
                "name": "pypi",
                "url": "https://pypi.org/simple",
                "verify_ssl": true
            }
        ]
    },
    "default": {
        "aniso8601": {
            "hashes": [
                "sha256:b8a6a9b24611fc50cf2d9b45d371bfdc4fd0581d1cc52254f5502130a776d4af",
                "sha256:bb167645c79f7a438f9dfab6161af9bed75508c645b1f07d1158240841d22673"
            ],
            "version": "==6.0.0"
        },
        "django": {
            "hashes": [
                "sha256:2484f115891ab1a0e9ae153602a641fbc15d7894c036d79fb78662c0965d7954",
                "sha256:2569f9dc5f8e458a5e988b03d6b7a02bda59b006d6782f4ea0fd590ed7336a64"
            ],
            "index": "pypi",
            "version": "==2.2.20"
        },
        "django-filter": {
            "hashes": [
                "sha256:558c727bce3ffa89c4a7a0b13bc8976745d63e5fd576b3a9a851650ef11c401b",
                "sha256:c3deb57f0dd7ff94d7dce52a047516822013e2b441bed472b722a317658cfd14"
            ],
            "index": "pypi",
            "version": "==2.2.0"
        },
        "django-graphql-jwt": {
            "hashes": [
                "sha256:6dcf9dd4990098e289d76ab4220edbf436a2e26dc6af1d4a526ac699ad93bf14"
            ],
            "index": "pypi",
            "version": "==0.2.1"
        },
        "graphene": {
            "hashes": [
                "sha256:77d61618132ccd084c343e64c22d806cee18dce73cc86e0f427378dbdeeac287",
                "sha256:acf808d50d053b94f7958414d511489a9e490a7f9563b9be80f6875fc5723d2a"
            ],
            "index": "pypi",
            "version": "==2.1.7"
        },
        "graphene-django": {
            "hashes": [
                "sha256:25f2bdf41e30bc7b860c1c13bfb4ba5c3961712394f16e847d79a69fc25a06b1",
                "sha256:d75b3e468d8d765d5964bc809e403b44bf7c37556c0464230a5083bccf14581b"
            ],
            "index": "pypi",
            "version": "==2.5.0"
        },
        "graphql-core": {
            "hashes": [
                "sha256:44c9bac4514e5e30c5a595fac8e3c76c1975cae14db215e8174c7fe995825bad",
                "sha256:aac46a9ac524c9855910c14c48fc5d60474def7f99fd10245e76608eba7af746"
            ],
            "version": "==2.3.2"
        },
        "graphql-relay": {
            "hashes": [
                "sha256:870b6b5304123a38a0b215a79eace021acce5a466bf40cd39fa18cb8528afabb",
                "sha256:ac514cb86db9a43014d7e73511d521137ac12cf0101b2eaa5f0a3da2e10d913d"
            ],
            "version": "==2.0.1"
        },
        "gunicorn": {
            "hashes": [
                "sha256:aa8e0b40b4157b36a5df5e599f45c9c76d6af43845ba3b3b0efe2c70473c2471",
                "sha256:fa2662097c66f920f53f70621c6c58ca4a3c4d3434205e608e121b5b3b71f4f3"
            ],
            "index": "pypi",
            "version": "==19.9.0"
        },
        "promise": {
            "hashes": [
                "sha256:dfd18337c523ba4b6a58801c164c1904a9d4d1b1747c7d5dbf45b693a49d93d0"
            ],
            "version": "==2.3"
        },
        "pyjwt": {
            "hashes": [
                "sha256:a5c70a06e1f33d81ef25eecd50d50bd30e34de1ca8b2b9fa3fe0daaabcf69bf7",
                "sha256:b70b15f89dc69b993d8a8d32c299032d5355c82f9b5b7e851d1a6d706dffe847"
            ],
            "version": "==2.0.1"
        },
        "pytz": {
            "hashes": [
                "sha256:83a4a90894bf38e243cf052c8b58f381bfe9a7a483f6a9cab140bc7f702ac4da",
                "sha256:eb10ce3e7736052ed3623d49975ce333bcd712c7bb19a58b9e2089d4057d0798"
            ],
            "version": "==2021.1"
        },
        "rx": {
            "hashes": [
                "sha256:13a1d8d9e252625c173dc795471e614eadfe1cf40ffc684e08b8fff0d9748c23",
                "sha256:7357592bc7e881a95e0c2013b73326f704953301ab551fbc8133a6fadab84105"
            ],
            "version": "==1.6.1"
        },
        "singledispatch": {
            "hashes": [
                "sha256:58b46ce1cc4d43af0aac3ac9a047bdb0f44e05f0b2fa2eec755863331700c865",
                "sha256:85c97f94c8957fa4e6dab113156c182fb346d56d059af78aad710bced15f16fb"
            ],
            "version": "==3.6.1"
        },
        "six": {
            "hashes": [
                "sha256:30639c035cdb23534cd4aa2dd52c3bf48f06e5f4a941509c8bafd8ce11080259",
                "sha256:8b74bedcbbbaca38ff6d7491d76f2b06b3592611af620f8426e82dddb04a5ced"
            ],
            "version": "==1.15.0"
        },
        "sqlparse": {
            "hashes": [
                "sha256:017cde379adbd6a1f15a61873f43e8274179378e95ef3fede90b5aa64d304ed0",
                "sha256:0f91fd2e829c44362cbcfab3e9ae12e22badaa8a29ad5ff599f9ec109f0454e8"
            ],
            "version": "==0.4.1"
        }
    },
    "develop": {}
}
